<Solution>
  <Folder Name="/Solution Items/">
    <File Path=".github/workflows/azure-webapps-dev.yml" />
    <File Path=".github/workflows/azure-webapps-prd.yml" />
    <File Path=".github/workflows/build-ef.yml" />
    <File Path=".github/workflows/build-web-app.yml" />
    <File Path=".github/workflows/deploy-ef.yml" />
    <File Path=".github/workflows/deploy-web-app.yml" />
    <File Path="README.md" />
  </Folder>
  <Project Path="Yugen.Home.Budget.Application/Yugen.Home.Budget.Application.csproj" />
  <Project Path="Yugen.Home.Budget.Client/Yugen.Home.Budget.Client.csproj" />
  <Project Path="Yugen.Home.Budget.Data/Yugen.Home.Budget.Data.csproj" />
  <Project Path="Yugen.Home.Budget.Server/Yugen.Home.Budget.Server.csproj" />
  <Project Path="Yugen.Common.Blazor.Account/Yugen.Common.Blazor.Account.csproj" />
  <Project Path="Yugen.Common.Blazor/Yugen.Common.Blazor.csproj" />
</Solution>
